
Microsoft Visual Studio Solution File, Format Version 12.00
# Visual Studio 15
VisualStudioVersion = 15.0.28307.1259
MinimumVisualStudioVersion = 10.0.40219.1
Project("{9A19103F-16F7-4668-BE54-9A1E7A4F7556}") = "SRV", "SRV\SRV.csproj", "{70DB8F2C-1A14-44C7-A436-244BE7C4416D}"
EndProject
Project("{9A19103F-16F7-4668-BE54-9A1E7A4F7556}") = "BLL", "BLL\BLL.csproj", "{BEA287A3-7F6D-42D1-88BB-DEFCA67D1DEA}"
EndProject
Project("{2150E333-8FDC-42A3-9474-1A3956D46DE8}") = "ThreeStudy", "ThreeStudy", "{E5A59C89-6AE0-4502-9814-C09B059680FA}"
EndProject
Project("{9A19103F-16F7-4668-BE54-9A1E7A4F7556}") = "UI", "UI\UI.csproj", "{74B59F32-522A-4194-BD9B-B081ED3B5580}"
EndProject
Project("{9A19103F-16F7-4668-BE54-9A1E7A4F7556}") = "DbFactory", "DbFactory\DbFactory.csproj", "{B3C9B3BA-7A54-41A3-B121-6BD2E39C7C44}"
EndProject
Project("{FAE04EC0-301F-11D3-BF4B-00C04F79EFBC}") = "EF", "EF\EF.csproj", "{C5679682-77AB-4FE9-A0BD-6CBDB3958EA4}"
EndProject
Project("{9A19103F-16F7-4668-BE54-9A1E7A4F7556}") = "Entity", "Entity\Entity.csproj", "{793AF420-650D-4E22-B7D6-B1B068B39F83}"
EndProject
Project("{FAE04EC0-301F-11D3-BF4B-00C04F79EFBC}") = "EFCore", "EFCore\EFCore.csproj", "{9E74CF87-0A8C-4241-B07C-FB6BE9468E81}"
EndProject
Global
	GlobalSection(SolutionConfigurationPlatforms) = preSolution
		Debug|Any CPU = Debug|Any CPU
		Release|Any CPU = Release|Any CPU
	EndGlobalSection
	GlobalSection(ProjectConfigurationPlatforms) = postSolution
		{70DB8F2C-1A14-44C7-A436-244BE7C4416D}.Debug|Any CPU.ActiveCfg = Debug|Any CPU
		{70DB8F2C-1A14-44C7-A436-244BE7C4416D}.Debug|Any CPU.Build.0 = Debug|Any CPU
		{70DB8F2C-1A14-44C7-A436-244BE7C4416D}.Release|Any CPU.ActiveCfg = Release|Any CPU
		{70DB8F2C-1A14-44C7-A436-244BE7C4416D}.Release|Any CPU.Build.0 = Release|Any CPU
		{BEA287A3-7F6D-42D1-88BB-DEFCA67D1DEA}.Debug|Any CPU.ActiveCfg = Debug|Any CPU
		{BEA287A3-7F6D-42D1-88BB-DEFCA67D1DEA}.Debug|Any CPU.Build.0 = Debug|Any CPU
		{BEA287A3-7F6D-42D1-88BB-DEFCA67D1DEA}.Release|Any CPU.ActiveCfg = Release|Any CPU
		{BEA287A3-7F6D-42D1-88BB-DEFCA67D1DEA}.Release|Any CPU.Build.0 = Release|Any CPU
		{74B59F32-522A-4194-BD9B-B081ED3B5580}.Debug|Any CPU.ActiveCfg = Debug|Any CPU
		{74B59F32-522A-4194-BD9B-B081ED3B5580}.Debug|Any CPU.Build.0 = Debug|Any CPU
		{74B59F32-522A-4194-BD9B-B081ED3B5580}.Release|Any CPU.ActiveCfg = Release|Any CPU
		{74B59F32-522A-4194-BD9B-B081ED3B5580}.Release|Any CPU.Build.0 = Release|Any CPU
		{B3C9B3BA-7A54-41A3-B121-6BD2E39C7C44}.Debug|Any CPU.ActiveCfg = Debug|Any CPU
		{B3C9B3BA-7A54-41A3-B121-6BD2E39C7C44}.Debug|Any CPU.Build.0 = Debug|Any CPU
		{B3C9B3BA-7A54-41A3-B121-6BD2E39C7C44}.Release|Any CPU.ActiveCfg = Release|Any CPU
		{B3C9B3BA-7A54-41A3-B121-6BD2E39C7C44}.Release|Any CPU.Build.0 = Release|Any CPU
		{C5679682-77AB-4FE9-A0BD-6CBDB3958EA4}.Debug|Any CPU.ActiveCfg = Debug|Any CPU
		{C5679682-77AB-4FE9-A0BD-6CBDB3958EA4}.Debug|Any CPU.Build.0 = Debug|Any CPU
		{C5679682-77AB-4FE9-A0BD-6CBDB3958EA4}.Release|Any CPU.ActiveCfg = Release|Any CPU
		{C5679682-77AB-4FE9-A0BD-6CBDB3958EA4}.Release|Any CPU.Build.0 = Release|Any CPU
		{793AF420-650D-4E22-B7D6-B1B068B39F83}.Debug|Any CPU.ActiveCfg = Debug|Any CPU
		{793AF420-650D-4E22-B7D6-B1B068B39F83}.Debug|Any CPU.Build.0 = Debug|Any CPU
		{793AF420-650D-4E22-B7D6-B1B068B39F83}.Release|Any CPU.ActiveCfg = Release|Any CPU
		{793AF420-650D-4E22-B7D6-B1B068B39F83}.Release|Any CPU.Build.0 = Release|Any CPU
		{9E74CF87-0A8C-4241-B07C-FB6BE9468E81}.Debug|Any CPU.ActiveCfg = Debug|Any CPU
		{9E74CF87-0A8C-4241-B07C-FB6BE9468E81}.Debug|Any CPU.Build.0 = Debug|Any CPU
		{9E74CF87-0A8C-4241-B07C-FB6BE9468E81}.Release|Any CPU.ActiveCfg = Release|Any CPU
		{9E74CF87-0A8C-4241-B07C-FB6BE9468E81}.Release|Any CPU.Build.0 = Release|Any CPU
	EndGlobalSection
	GlobalSection(SolutionProperties) = preSolution
		HideSolutionNode = FALSE
	EndGlobalSection
	GlobalSection(NestedProjects) = preSolution
		{70DB8F2C-1A14-44C7-A436-244BE7C4416D} = {E5A59C89-6AE0-4502-9814-C09B059680FA}
		{BEA287A3-7F6D-42D1-88BB-DEFCA67D1DEA} = {E5A59C89-6AE0-4502-9814-C09B059680FA}
		{74B59F32-522A-4194-BD9B-B081ED3B5580} = {E5A59C89-6AE0-4502-9814-C09B059680FA}
		{B3C9B3BA-7A54-41A3-B121-6BD2E39C7C44} = {E5A59C89-6AE0-4502-9814-C09B059680FA}
	EndGlobalSection
	GlobalSection(ExtensibilityGlobals) = postSolution
		SolutionGuid = {1EBAEADA-D0CC-4032-B198-9E68EE6E43A2}
	EndGlobalSection
EndGlobal
